
Microsoft Visual Studio Solution File, Format Version 12.00
# Visual Studio 15
VisualStudioVersion = 15.0.26430.12
MinimumVisualStudioVersion = 10.0.40219.1
Project("{FAE04EC0-301F-11D3-BF4B-00C04F79EFBC}") = "Algorithms.Infrastructure", "Algorithms.Infrastructure\Algorithms.Infrastructure.csproj", "{990523AE-6C80-4033-97B0-3CFE8308311B}"
EndProject
Project("{2150E333-8FDC-42A3-9474-1A3956D46DE8}") = "Sorting", "Sorting", "{B432BECB-69F1-4449-9C4D-7C132BB6CA2E}"
EndProject
Project("{FAE04EC0-301F-11D3-BF4B-00C04F79EFBC}") = "Algorithms.Sorting", "Algorithms.Sorting\Algorithms.Sorting.csproj", "{242C7940-E326-4ADF-B808-8574A78CAFAF}"
EndProject
Global
	GlobalSection(SolutionConfigurationPlatforms) = preSolution
		Debug|Any CPU = Debug|Any CPU
		Release|Any CPU = Release|Any CPU
	EndGlobalSection
	GlobalSection(ProjectConfigurationPlatforms) = postSolution
		{990523AE-6C80-4033-97B0-3CFE8308311B}.Debug|Any CPU.ActiveCfg = Debug|Any CPU
		{990523AE-6C80-4033-97B0-3CFE8308311B}.Debug|Any CPU.Build.0 = Debug|Any CPU
		{990523AE-6C80-4033-97B0-3CFE8308311B}.Release|Any CPU.ActiveCfg = Release|Any CPU
		{990523AE-6C80-4033-97B0-3CFE8308311B}.Release|Any CPU.Build.0 = Release|Any CPU
		{242C7940-E326-4ADF-B808-8574A78CAFAF}.Debug|Any CPU.ActiveCfg = Debug|Any CPU
		{242C7940-E326-4ADF-B808-8574A78CAFAF}.Debug|Any CPU.Build.0 = Debug|Any CPU
		{242C7940-E326-4ADF-B808-8574A78CAFAF}.Release|Any CPU.ActiveCfg = Release|Any CPU
		{242C7940-E326-4ADF-B808-8574A78CAFAF}.Release|Any CPU.Build.0 = Release|Any CPU
	EndGlobalSection
	GlobalSection(SolutionProperties) = preSolution
		HideSolutionNode = FALSE
	EndGlobalSection
	GlobalSection(NestedProjects) = preSolution
		{242C7940-E326-4ADF-B808-8574A78CAFAF} = {B432BECB-69F1-4449-9C4D-7C132BB6CA2E}
	EndGlobalSection
EndGlobal
